PODS:
  - flutter_native_ai (0.1.1):
    - FlutterMacOS
  - FlutterMacOS (1.0.0)

DEPENDENCIES:
  - flutter_native_ai (from `Flutter/ephemeral/.symlinks/plugins/flutter_native_ai/macos`)
  - FlutterMacOS (from `Flutter/ephemeral`)

EXTERNAL SOURCES:
  flutter_native_ai:
    :path: Flutter/ephemeral/.symlinks/plugins/flutter_native_ai/macos
  FlutterMacOS:
    :path: Flutter/ephemeral

SPEC CHECKSUMS:
  flutter_native_ai: 0cc5494eac97842e799f435286fe033abca604d2
  FlutterMacOS: d0db08ddef1a9af05a5ec4b724367152bb0500b1

PODFILE CHECKSUM: 89c84cf5c2351c1e554c6dea18d31a879fc3a19e

COCOAPODS: 1.16.2
